{
  "name": "heimdall-monitor",
  "version": "1.0.0",
  "lockfileVersion": 2,
  "requires": true,
  "packages": {
    "": {
      "name": "heimdall-monitor",
      "version": "1.0.0",
      "license": "MIT",
      "dependencies": {
        "axios": "^1.3.2",
        "linkstartjs": "file:../linkstartjs",
        "querystring": "^0.2.1"
      }
    },
    "../linkstartjs": {
      "version": "1.0.0",
      "license": "MIT",
      "dependencies": {
        "@babel/core": "7.11.0",
        "@babel/plugin-proposal-class-properties": "7.10.4",
        "@babel/plugin-syntax-dynamic-import": "7.8.3",
        "@babel/polyfill": "7.10.4",
        "@babel/preset-env": "7.11.0",
        "assert-js": "^1.0.0",
        "axios": "^1.2.0",
        "babel-eslint": "10.1.0",
        "babel-loader": "8.1.0",
        "casper": "^0.1.1",
        "chai": "4.2.0",
        "cheerio": "1.0.0-rc.3",
        "chokidar": "^3.5.3",
        "clean-webpack-plugin": "3.0.0",
        "copy-webpack-plugin": "^11.0.0",
        "core-js": "3.6.5",
        "css-loader": "4.2.0",
        "ejs": "^3.1.8",
        "eslint": "7.6.0",
        "eslint-loader": "4.0.2",
        "express-graceful-shutdown": "^1.1.3",
        "file-loader": "6.0.0",
        "find-package-json": "^1.2.0",
        "glob": "^7.1.6",
        "html-loader": "1.1.0",
        "html-webpack-plugin": "^5.5.0",
        "jsdom": "^16.5.2",
        "meta-js": "github:jrichardsz/meta-js#1.0.6-pre-alpha",
        "mini-css-extract-plugin": "^2.6.1",
        "mocha": "8.1.3",
        "node-sass": "^7.0.1",
        "nodeboot-spa-server": "github:usil/nodeboot-spa-server#1.0.1",
        "nodejs-require-enhancer": "github:jrichardsz/nodejs-require-enhancer#1.0.2",
        "puppeteer": "^8.0.0",
        "rimraf": "3.0.2",
        "sass": "^1.54.5",
        "sass-loader": "^13.0.2",
        "slimerjs": "^1.0.0",
        "style-loader": "1.2.1",
        "supervisor": "0.12.0",
        "webpack": "5.73.0",
        "webpack-cli": "4.10.0",
        "webpack-dev-server": "4.9.3",
        "webpack-merge": "5.1.3",
        "webpack-merge-and-include-globally": "^2.1.26"
      },
      "bin": {
        "linkstart": "src/main/index.js"
      },
      "devDependencies": {
        "chromedriver": "^91.0.0",
        "express": "^4.17.1",
        "selenium-webdriver": "^4.0.0-beta.3",
        "serve-static": "^1.14.1"
      }
    },
    "node_modules/asynckit": {
      "version": "0.4.0",
      "resolved": "https://registry.npmjs.org/asynckit/-/asynckit-0.4.0.tgz",
      "integrity": "sha512-Oei9OH4tRh0YqU3GxhX79dM/mwVgvbZJaSNaRk+bshkj0S5cfHcgYakreBjrHwatXKbz+IoIdYLxrKim2MjW0Q=="
    },
    "node_modules/axios": {
      "version": "1.3.2",
      "resolved": "https://registry.npmjs.org/axios/-/axios-1.3.2.tgz",
      "integrity": "sha512-1M3O703bYqYuPhbHeya5bnhpYVsDDRyQSabNja04mZtboLNSuZ4YrltestrLXfHgmzua4TpUqRiVKbiQuo2epw==",
      "dependencies": {
        "follow-redirects": "^1.15.0",
        "form-data": "^4.0.0",
        "proxy-from-env": "^1.1.0"
      }
    },
    "node_modules/combined-stream": {
      "version": "1.0.8",
      "resolved": "https://registry.npmjs.org/combined-stream/-/combined-stream-1.0.8.tgz",
      "integrity": "sha512-FQN4MRfuJeHf7cBbBMJFXhKSDq+2kAArBlmRBvcvFE5BB1HZKXtSFASDhdlz9zOYwxh8lDdnvmMOe/+5cdoEdg==",
      "dependencies": {
        "delayed-stream": "~1.0.0"
      },
      "engines": {
        "node": ">= 0.8"
      }
    },
    "node_modules/delayed-stream": {
      "version": "1.0.0",
      "resolved": "https://registry.npmjs.org/delayed-stream/-/delayed-stream-1.0.0.tgz",
      "integrity": "sha512-ZySD7Nf91aLB0RxL4KGrKHBXl7Eds1DAmEdcoVawXnLD7SDhpNgtuII2aAkg7a7QS41jxPSZ17p4VdGnMHk3MQ==",
      "engines": {
        "node": ">=0.4.0"
      }
    },
    "node_modules/follow-redirects": {
      "version": "1.15.2",
      "resolved": "https://registry.npmjs.org/follow-redirects/-/follow-redirects-1.15.2.tgz",
      "integrity": "sha512-VQLG33o04KaQ8uYi2tVNbdrWp1QWxNNea+nmIB4EVM28v0hmP17z7aG1+wAkNzVq4KeXTq3221ye5qTJP91JwA==",
      "funding": [
        {
          "type": "individual",
          "url": "https://github.com/sponsors/RubenVerborgh"
        }
      ],
      "engines": {
        "node": ">=4.0"
      },
      "peerDependenciesMeta": {
        "debug": {
          "optional": true
        }
      }
    },
    "node_modules/form-data": {
      "version": "4.0.0",
      "resolved": "https://registry.npmjs.org/form-data/-/form-data-4.0.0.tgz",
      "integrity": "sha512-ETEklSGi5t0QMZuiXoA/Q6vcnxcLQP5vdugSpuAyi6SVGi2clPPp+xgEhuMaHC+zGgn31Kd235W35f7Hykkaww==",
      "dependencies": {
        "asynckit": "^0.4.0",
        "combined-stream": "^1.0.8",
        "mime-types": "^2.1.12"
      },
      "engines": {
        "node": ">= 6"
      }
    },
    "node_modules/linkstartjs": {
      "resolved": "../linkstartjs",
      "link": true
    },
    "node_modules/mime-db": {
      "version": "1.52.0",
      "resolved": "https://registry.npmjs.org/mime-db/-/mime-db-1.52.0.tgz",
      "integrity": "sha512-sPU4uV7dYlvtWJxwwxHD0PuihVNiE7TyAbQ5SWxDCB9mUYvOgroQOwYQQOKPJ8CIbE+1ETVlOoK1UC2nU3gYvg==",
      "engines": {
        "node": ">= 0.6"
      }
    },
    "node_modules/mime-types": {
      "version": "2.1.35",
      "resolved": "https://registry.npmjs.org/mime-types/-/mime-types-2.1.35.tgz",
      "integrity": "sha512-ZDY+bPm5zTTF+YpCrAU9nK0UgICYPT0QtT1NZWFv4s++TNkcgVaT0g6+4R2uI4MjQjzysHB1zxuWL50hzaeXiw==",
      "dependencies": {
        "mime-db": "1.52.0"
      },
      "engines": {
        "node": ">= 0.6"
      }
    },
    "node_modules/proxy-from-env": {
      "version": "1.1.0",
      "resolved": "https://registry.npmjs.org/proxy-from-env/-/proxy-from-env-1.1.0.tgz",
      "integrity": "sha512-D+zkORCbA9f1tdWRK0RaCR3GPv50cMxcrz4X8k5LTSUD1Dkw47mKJEZQNunItRTkWwgtaUSo1RVFRIG9ZXiFYg=="
    },
    "node_modules/querystring": {
      "version": "0.2.1",
      "resolved": "https://registry.npmjs.org/querystring/-/querystring-0.2.1.tgz",
      "integrity": "sha512-wkvS7mL/JMugcup3/rMitHmd9ecIGd2lhFhK9N3UUQ450h66d1r3Y9nvXzQAW1Lq+wyx61k/1pfKS5KuKiyEbg==",
      "deprecated": "The querystring API is considered Legacy. new code should use the URLSearchParams API instead.",
      "engines": {
        "node": ">=0.4.x"
      }
    }
  },
  "dependencies": {
    "asynckit": {
      "version": "0.4.0",
      "resolved": "https://registry.npmjs.org/asynckit/-/asynckit-0.4.0.tgz",
      "integrity": "sha512-Oei9OH4tRh0YqU3GxhX79dM/mwVgvbZJaSNaRk+bshkj0S5cfHcgYakreBjrHwatXKbz+IoIdYLxrKim2MjW0Q=="
    },
    "axios": {
      "version": "1.3.2",
      "resolved": "https://registry.npmjs.org/axios/-/axios-1.3.2.tgz",
      "integrity": "sha512-1M3O703bYqYuPhbHeya5bnhpYVsDDRyQSabNja04mZtboLNSuZ4YrltestrLXfHgmzua4TpUqRiVKbiQuo2epw==",
      "requires": {
        "follow-redirects": "^1.15.0",
        "form-data": "^4.0.0",
        "proxy-from-env": "^1.1.0"
      }
    },
    "combined-stream": {
      "version": "1.0.8",
      "resolved": "https://registry.npmjs.org/combined-stream/-/combined-stream-1.0.8.tgz",
      "integrity": "sha512-FQN4MRfuJeHf7cBbBMJFXhKSDq+2kAArBlmRBvcvFE5BB1HZKXtSFASDhdlz9zOYwxh8lDdnvmMOe/+5cdoEdg==",
      "requires": {
        "delayed-stream": "~1.0.0"
      }
    },
    "delayed-stream": {
      "version": "1.0.0",
      "resolved": "https://registry.npmjs.org/delayed-stream/-/delayed-stream-1.0.0.tgz",
      "integrity": "sha512-ZySD7Nf91aLB0RxL4KGrKHBXl7Eds1DAmEdcoVawXnLD7SDhpNgtuII2aAkg7a7QS41jxPSZ17p4VdGnMHk3MQ=="
    },
    "follow-redirects": {
      "version": "1.15.2",
      "resolved": "https://registry.npmjs.org/follow-redirects/-/follow-redirects-1.15.2.tgz",
      "integrity": "sha512-VQLG33o04KaQ8uYi2tVNbdrWp1QWxNNea+nmIB4EVM28v0hmP17z7aG1+wAkNzVq4KeXTq3221ye5qTJP91JwA=="
    },
    "form-data": {
      "version": "4.0.0",
      "resolved": "https://registry.npmjs.org/form-data/-/form-data-4.0.0.tgz",
      "integrity": "sha512-ETEklSGi5t0QMZuiXoA/Q6vcnxcLQP5vdugSpuAyi6SVGi2clPPp+xgEhuMaHC+zGgn31Kd235W35f7Hykkaww==",
      "requires": {
        "asynckit": "^0.4.0",
        "combined-stream": "^1.0.8",
        "mime-types": "^2.1.12"
      }
    },
    "linkstartjs": {
      "version": "file:../linkstartjs",
      "requires": {
        "@babel/core": "7.11.0",
        "@babel/plugin-proposal-class-properties": "7.10.4",
        "@babel/plugin-syntax-dynamic-import": "7.8.3",
        "@babel/polyfill": "7.10.4",
        "@babel/preset-env": "7.11.0",
        "assert-js": "^1.0.0",
        "axios": "^1.2.0",
        "babel-eslint": "10.1.0",
        "babel-loader": "8.1.0",
        "casper": "^0.1.1",
        "chai": "4.2.0",
        "cheerio": "1.0.0-rc.3",
        "chokidar": "^3.5.3",
        "chromedriver": "^91.0.0",
        "clean-webpack-plugin": "3.0.0",
        "copy-webpack-plugin": "^11.0.0",
        "core-js": "3.6.5",
        "css-loader": "4.2.0",
        "ejs": "^3.1.8",
        "eslint": "7.6.0",
        "eslint-loader": "4.0.2",
        "express": "^4.17.1",
        "express-graceful-shutdown": "^1.1.3",
        "file-loader": "6.0.0",
        "find-package-json": "^1.2.0",
        "glob": "^7.1.6",
        "html-loader": "1.1.0",
        "html-webpack-plugin": "^5.5.0",
        "jsdom": "^16.5.2",
        "meta-js": "github:jrichardsz/meta-js#1.0.6-pre-alpha",
        "mini-css-extract-plugin": "^2.6.1",
        "mocha": "8.1.3",
        "node-sass": "^7.0.1",
        "nodeboot-spa-server": "github:usil/nodeboot-spa-server#1.0.1",
        "nodejs-require-enhancer": "github:jrichardsz/nodejs-require-enhancer#1.0.2",
        "puppeteer": "^8.0.0",
        "rimraf": "3.0.2",
        "sass": "^1.54.5",
        "sass-loader": "^13.0.2",
        "selenium-webdriver": "^4.0.0-beta.3",
        "serve-static": "^1.14.1",
        "slimerjs": "^1.0.0",
        "style-loader": "1.2.1",
        "supervisor": "0.12.0",
        "webpack": "5.73.0",
        "webpack-cli": "4.10.0",
        "webpack-dev-server": "4.9.3",
        "webpack-merge": "5.1.3",
        "webpack-merge-and-include-globally": "^2.1.26"
      }
    },
    "mime-db": {
      "version": "1.52.0",
      "resolved": "https://registry.npmjs.org/mime-db/-/mime-db-1.52.0.tgz",
      "integrity": "sha512-sPU4uV7dYlvtWJxwwxHD0PuihVNiE7TyAbQ5SWxDCB9mUYvOgroQOwYQQOKPJ8CIbE+1ETVlOoK1UC2nU3gYvg=="
    },
    "mime-types": {
      "version": "2.1.35",
      "resolved": "https://registry.npmjs.org/mime-types/-/mime-types-2.1.35.tgz",
      "integrity": "sha512-ZDY+bPm5zTTF+YpCrAU9nK0UgICYPT0QtT1NZWFv4s++TNkcgVaT0g6+4R2uI4MjQjzysHB1zxuWL50hzaeXiw==",
      "requires": {
        "mime-db": "1.52.0"
      }
    },
    "proxy-from-env": {
      "version": "1.1.0",
      "resolved": "https://registry.npmjs.org/proxy-from-env/-/proxy-from-env-1.1.0.tgz",
      "integrity": "sha512-D+zkORCbA9f1tdWRK0RaCR3GPv50cMxcrz4X8k5LTSUD1Dkw47mKJEZQNunItRTkWwgtaUSo1RVFRIG9ZXiFYg=="
    },
    "querystring": {
      "version": "0.2.1",
      "resolved": "https://registry.npmjs.org/querystring/-/querystring-0.2.1.tgz",
      "integrity": "sha512-wkvS7mL/JMugcup3/rMitHmd9ecIGd2lhFhK9N3UUQ450h66d1r3Y9nvXzQAW1Lq+wyx61k/1pfKS5KuKiyEbg=="
    }
  }
}
