{
  "name": "heimdall-monitor",
  "version": "1.0.0",
  "lockfileVersion": 2,
  "requires": true,
  "packages": {
    "": {
      "name": "heimdall-monitor",
      "version": "1.0.0",
      "license": "MIT",
      "dependencies": {
        "linkstartjs": "file:../linkstartjs"
      }
    },
    "../linkstartjs": {
      "version": "1.0.0",
      "license": "MIT",
      "dependencies": {
        "@babel/core": "7.11.0",
        "@babel/plugin-proposal-class-properties": "7.10.4",
        "@babel/plugin-syntax-dynamic-import": "7.8.3",
        "@babel/polyfill": "7.10.4",
        "@babel/preset-env": "7.11.0",
        "assert-js": "^1.0.0",
        "axios": "^1.2.0",
        "babel-eslint": "10.1.0",
        "babel-loader": "8.1.0",
        "casper": "^0.1.1",
        "chai": "4.2.0",
        "cheerio": "1.0.0-rc.3",
        "chokidar": "^3.5.3",
        "clean-webpack-plugin": "3.0.0",
        "copy-webpack-plugin": "^11.0.0",
        "core-js": "3.6.5",
        "css-loader": "4.2.0",
        "ejs": "^3.1.8",
        "eslint": "7.6.0",
        "eslint-loader": "4.0.2",
        "express-graceful-shutdown": "^1.1.3",
        "file-loader": "6.0.0",
        "find-package-json": "^1.2.0",
        "glob": "^7.1.6",
        "html-loader": "1.1.0",
        "html-webpack-plugin": "^5.5.0",
        "jsdom": "^16.5.2",
        "meta-js": "github:jrichardsz/meta-js#1.0.6-pre-alpha",
        "mini-css-extract-plugin": "^2.6.1",
        "mocha": "8.1.3",
        "node-sass": "^7.0.1",
        "nodeboot-spa-server": "github:usil/nodeboot-spa-server#1.0.1",
        "nodejs-require-enhancer": "github:jrichardsz/nodejs-require-enhancer#1.0.2",
        "puppeteer": "^8.0.0",
        "rimraf": "3.0.2",
        "sass": "^1.54.5",
        "sass-loader": "^13.0.2",
        "slimerjs": "^1.0.0",
        "style-loader": "1.2.1",
        "supervisor": "0.12.0",
        "webpack": "5.73.0",
        "webpack-cli": "4.10.0",
        "webpack-dev-server": "4.9.3",
        "webpack-merge": "5.1.3",
        "webpack-merge-and-include-globally": "^2.1.26"
      },
      "bin": {
        "linkstart": "src/main/index.js"
      },
      "devDependencies": {
        "chromedriver": "^91.0.0",
        "express": "^4.17.1",
        "selenium-webdriver": "^4.0.0-beta.3",
        "serve-static": "^1.14.1"
      }
    },
    "node_modules/linkstartjs": {
      "resolved": "../linkstartjs",
      "link": true
    }
  },
  "dependencies": {
    "linkstartjs": {
      "version": "file:../linkstartjs",
      "requires": {
        "@babel/core": "7.11.0",
        "@babel/plugin-proposal-class-properties": "7.10.4",
        "@babel/plugin-syntax-dynamic-import": "7.8.3",
        "@babel/polyfill": "7.10.4",
        "@babel/preset-env": "7.11.0",
        "assert-js": "^1.0.0",
        "axios": "^1.2.0",
        "babel-eslint": "10.1.0",
        "babel-loader": "8.1.0",
        "casper": "^0.1.1",
        "chai": "4.2.0",
        "cheerio": "1.0.0-rc.3",
        "chokidar": "^3.5.3",
        "chromedriver": "^91.0.0",
        "clean-webpack-plugin": "3.0.0",
        "copy-webpack-plugin": "^11.0.0",
        "core-js": "3.6.5",
        "css-loader": "4.2.0",
        "ejs": "^3.1.8",
        "eslint": "7.6.0",
        "eslint-loader": "4.0.2",
        "express": "^4.17.1",
        "express-graceful-shutdown": "^1.1.3",
        "file-loader": "6.0.0",
        "find-package-json": "^1.2.0",
        "glob": "^7.1.6",
        "html-loader": "1.1.0",
        "html-webpack-plugin": "^5.5.0",
        "jsdom": "^16.5.2",
        "meta-js": "github:jrichardsz/meta-js#1.0.6-pre-alpha",
        "mini-css-extract-plugin": "^2.6.1",
        "mocha": "8.1.3",
        "node-sass": "^7.0.1",
        "nodeboot-spa-server": "github:usil/nodeboot-spa-server#1.0.1",
        "nodejs-require-enhancer": "github:jrichardsz/nodejs-require-enhancer#1.0.2",
        "puppeteer": "^8.0.0",
        "rimraf": "3.0.2",
        "sass": "^1.54.5",
        "sass-loader": "^13.0.2",
        "selenium-webdriver": "^4.0.0-beta.3",
        "serve-static": "^1.14.1",
        "slimerjs": "^1.0.0",
        "style-loader": "1.2.1",
        "supervisor": "0.12.0",
        "webpack": "5.73.0",
        "webpack-cli": "4.10.0",
        "webpack-dev-server": "4.9.3",
        "webpack-merge": "5.1.3",
        "webpack-merge-and-include-globally": "^2.1.26"
      }
    }
  }
}
